
Microsoft Visual Studio Solution File, Format Version 12.00
# Visual Studio Version 17
VisualStudioVersion = 17.10.35027.167
MinimumVisualStudioVersion = 10.0.40219.1
Project("{FAE04EC0-301F-11D3-BF4B-00C04F79EFBC}") = "exHerancaePolimorfismo2", "exHerancaePolimorfismo2\exHerancaePolimorfismo2.csproj", "{3AF77F34-962B-4342-8EE0-A3C1B1CE63C5}"
EndProject
Global
	GlobalSection(SolutionConfigurationPlatforms) = preSolution
		Debug|Any CPU = Debug|Any CPU
		Release|Any CPU = Release|Any CPU
	EndGlobalSection
	GlobalSection(ProjectConfigurationPlatforms) = postSolution
		{3AF77F34-962B-4342-8EE0-A3C1B1CE63C5}.Debug|Any CPU.ActiveCfg = Debug|Any CPU
		{3AF77F34-962B-4342-8EE0-A3C1B1CE63C5}.Debug|Any CPU.Build.0 = Debug|Any CPU
		{3AF77F34-962B-4342-8EE0-A3C1B1CE63C5}.Release|Any CPU.ActiveCfg = Release|Any CPU
		{3AF77F34-962B-4342-8EE0-A3C1B1CE63C5}.Release|Any CPU.Build.0 = Release|Any CPU
	EndGlobalSection
	GlobalSection(SolutionProperties) = preSolution
		HideSolutionNode = FALSE
	EndGlobalSection
	GlobalSection(ExtensibilityGlobals) = postSolution
		SolutionGuid = {08DF921D-5365-49C1-8E32-DDDBDCBB2F25}
	EndGlobalSection
EndGlobal
