
Microsoft Visual Studio Solution File, Format Version 12.00
# Visual Studio Version 17
VisualStudioVersion = 17.10.34916.146
MinimumVisualStudioVersion = 10.0.40219.1
Project("{FAE04EC0-301F-11D3-BF4B-00C04F79EFBC}") = "Ex002IfElse", "Ex002IfElse\Ex002IfElse.csproj", "{A6C61894-9D98-4B32-9537-46D3C396E995}"
EndProject
Global
	GlobalSection(SolutionConfigurationPlatforms) = preSolution
		Debug|Any CPU = Debug|Any CPU
		Release|Any CPU = Release|Any CPU
	EndGlobalSection
	GlobalSection(ProjectConfigurationPlatforms) = postSolution
		{A6C61894-9D98-4B32-9537-46D3C396E995}.Debug|Any CPU.ActiveCfg = Debug|Any CPU
		{A6C61894-9D98-4B32-9537-46D3C396E995}.Debug|Any CPU.Build.0 = Debug|Any CPU
		{A6C61894-9D98-4B32-9537-46D3C396E995}.Release|Any CPU.ActiveCfg = Release|Any CPU
		{A6C61894-9D98-4B32-9537-46D3C396E995}.Release|Any CPU.Build.0 = Release|Any CPU
	EndGlobalSection
	GlobalSection(SolutionProperties) = preSolution
		HideSolutionNode = FALSE
	EndGlobalSection
	GlobalSection(ExtensibilityGlobals) = postSolution
		SolutionGuid = {CE2905C0-57EC-4D5F-8D29-5A0B277B34E4}
	EndGlobalSection
EndGlobal
