
Microsoft Visual Studio Solution File, Format Version 12.00
# Visual Studio Version 17
VisualStudioVersion = 17.10.35013.160
MinimumVisualStudioVersion = 10.0.40219.1
Project("{FAE04EC0-301F-11D3-BF4B-00C04F79EFBC}") = "Ex002ClassesMetodosAtributos", "Ex002ClassesMetodosAtributos\Ex002ClassesMetodosAtributos.csproj", "{C411CD77-79EC-4226-8335-A9085502B562}"
EndProject
Global
	GlobalSection(SolutionConfigurationPlatforms) = preSolution
		Debug|Any CPU = Debug|Any CPU
		Release|Any CPU = Release|Any CPU
	EndGlobalSection
	GlobalSection(ProjectConfigurationPlatforms) = postSolution
		{C411CD77-79EC-4226-8335-A9085502B562}.Debug|Any CPU.ActiveCfg = Debug|Any CPU
		{C411CD77-79EC-4226-8335-A9085502B562}.Debug|Any CPU.Build.0 = Debug|Any CPU
		{C411CD77-79EC-4226-8335-A9085502B562}.Release|Any CPU.ActiveCfg = Release|Any CPU
		{C411CD77-79EC-4226-8335-A9085502B562}.Release|Any CPU.Build.0 = Release|Any CPU
	EndGlobalSection
	GlobalSection(SolutionProperties) = preSolution
		HideSolutionNode = FALSE
	EndGlobalSection
	GlobalSection(ExtensibilityGlobals) = postSolution
		SolutionGuid = {63ED771D-58A9-409F-BF1A-D5536635FA55}
	EndGlobalSection
EndGlobal
