
Microsoft Visual Studio Solution File, Format Version 12.00
# Visual Studio Version 17
VisualStudioVersion = 17.10.35013.160
MinimumVisualStudioVersion = 10.0.40219.1
Project("{FAE04EC0-301F-11D3-BF4B-00C04F79EFBC}") = "ex006For", "ex006For\ex006For.csproj", "{EC5BF48F-0BB1-4615-BE8A-AB25EF554746}"
EndProject
Global
	GlobalSection(SolutionConfigurationPlatforms) = preSolution
		Debug|Any CPU = Debug|Any CPU
		Release|Any CPU = Release|Any CPU
	EndGlobalSection
	GlobalSection(ProjectConfigurationPlatforms) = postSolution
		{EC5BF48F-0BB1-4615-BE8A-AB25EF554746}.Debug|Any CPU.ActiveCfg = Debug|Any CPU
		{EC5BF48F-0BB1-4615-BE8A-AB25EF554746}.Debug|Any CPU.Build.0 = Debug|Any CPU
		{EC5BF48F-0BB1-4615-BE8A-AB25EF554746}.Release|Any CPU.ActiveCfg = Release|Any CPU
		{EC5BF48F-0BB1-4615-BE8A-AB25EF554746}.Release|Any CPU.Build.0 = Release|Any CPU
	EndGlobalSection
	GlobalSection(SolutionProperties) = preSolution
		HideSolutionNode = FALSE
	EndGlobalSection
	GlobalSection(ExtensibilityGlobals) = postSolution
		SolutionGuid = {544F5464-3F2D-4554-BF86-44ABB4D9265B}
	EndGlobalSection
EndGlobal
